
Microsoft Visual Studio Solution File, Format Version 12.00
# Visual Studio Version 16
VisualStudioVersion = 16.0.30204.135
MinimumVisualStudioVersion = 10.0.40219.1
Project("{FAE04EC0-301F-11D3-BF4B-00C04F79EFBC}") = "AOGweb", "AOGweb\AOGweb.csproj", "{2671BF47-0E4F-491C-A166-B000B6D12E83}"
EndProject
Global
	GlobalSection(SolutionConfigurationPlatforms) = preSolution
		Debug|Any CPU = Debug|Any CPU
		Release|Any CPU = Release|Any CPU
	EndGlobalSection
	GlobalSection(ProjectConfigurationPlatforms) = postSolution
		{2671BF47-0E4F-491C-A166-B000B6D12E83}.Debug|Any CPU.ActiveCfg = Debug|Any CPU
		{2671BF47-0E4F-491C-A166-B000B6D12E83}.Debug|Any CPU.Build.0 = Debug|Any CPU
		{2671BF47-0E4F-491C-A166-B000B6D12E83}.Release|Any CPU.ActiveCfg = Release|Any CPU
		{2671BF47-0E4F-491C-A166-B000B6D12E83}.Release|Any CPU.Build.0 = Release|Any CPU
	EndGlobalSection
	GlobalSection(SolutionProperties) = preSolution
		HideSolutionNode = FALSE
	EndGlobalSection
	GlobalSection(ExtensibilityGlobals) = postSolution
		SolutionGuid = {0DEABB8C-5BB5-4626-896B-18F4B4DD0A9C}
	EndGlobalSection
EndGlobal
